
Microsoft Visual Studio Solution File, Format Version 12.00
# Visual Studio Version 17
VisualStudioVersion = 17.14.36109.1 d17.14
MinimumVisualStudioVersion = 10.0.40219.1
Project("{FAE04EC0-301F-11D3-BF4B-00C04F79EFBC}") = "GestiondeFlotas", "GestiondeFlotas\GestiondeFlotas.csproj", "{62C9BB96-DD9F-4EAC-9695-16168619F298}"
EndProject
Global
	GlobalSection(SolutionConfigurationPlatforms) = preSolution
		Debug|Any CPU = Debug|Any CPU
		Release|Any CPU = Release|Any CPU
	EndGlobalSection
	GlobalSection(ProjectConfigurationPlatforms) = postSolution
		{62C9BB96-DD9F-4EAC-9695-16168619F298}.Debug|Any CPU.ActiveCfg = Debug|Any CPU
		{62C9BB96-DD9F-4EAC-9695-16168619F298}.Debug|Any CPU.Build.0 = Debug|Any CPU
		{62C9BB96-DD9F-4EAC-9695-16168619F298}.Release|Any CPU.ActiveCfg = Release|Any CPU
		{62C9BB96-DD9F-4EAC-9695-16168619F298}.Release|Any CPU.Build.0 = Release|Any CPU
	EndGlobalSection
	GlobalSection(SolutionProperties) = preSolution
		HideSolutionNode = FALSE
	EndGlobalSection
	GlobalSection(ExtensibilityGlobals) = postSolution
		SolutionGuid = {09B72896-770B-4059-9F64-CD95AB6E4D96}
	EndGlobalSection
EndGlobal
